
Microsoft Visual Studio Solution File, Format Version 12.00
# Visual Studio Version 17
VisualStudioVersion = 17.7.34018.315
MinimumVisualStudioVersion = 10.0.40219.1
Project("{FAE04EC0-301F-11D3-BF4B-00C04F79EFBC}") = "WebScrapper", "WebScrapper\WebScrapper.csproj", "{9B87C5DE-F976-4298-969C-BFFC8EE4EF62}"
EndProject
Global
	GlobalSection(SolutionConfigurationPlatforms) = preSolution
		Debug|Any CPU = Debug|Any CPU
		Release|Any CPU = Release|Any CPU
	EndGlobalSection
	GlobalSection(ProjectConfigurationPlatforms) = postSolution
		{9B87C5DE-F976-4298-969C-BFFC8EE4EF62}.Debug|Any CPU.ActiveCfg = Debug|Any CPU
		{9B87C5DE-F976-4298-969C-BFFC8EE4EF62}.Debug|Any CPU.Build.0 = Debug|Any CPU
		{9B87C5DE-F976-4298-969C-BFFC8EE4EF62}.Release|Any CPU.ActiveCfg = Release|Any CPU
		{9B87C5DE-F976-4298-969C-BFFC8EE4EF62}.Release|Any CPU.Build.0 = Release|Any CPU
	EndGlobalSection
	GlobalSection(SolutionProperties) = preSolution
		HideSolutionNode = FALSE
	EndGlobalSection
	GlobalSection(ExtensibilityGlobals) = postSolution
		SolutionGuid = {32F1B3FA-26DB-4AF1-B60E-C5A9A5F2BB8C}
	EndGlobalSection
EndGlobal
